// !$*UTF8*$!
{
	archiveVersion = 1;
	classes = {
	};
	objectVersion = 50;
	objects = {

/* Begin PBXBuildFile section */
		D5D511FA26D4C11100C515CA /* AppDelegate.swift in Sources */ = {isa = PBXBuildFile; fileRef = D5D511F926D4C11100C515CA /* AppDelegate.swift */; };
		D5D511FC26D4C11100C515CA /* SceneDelegate.swift in Sources */ = {isa = PBXBuildFile; fileRef = D5D511FB26D4C11100C515CA /* SceneDelegate.swift */; };
		D5D511FE26D4C11100C515CA /* ViewController.swift in Sources */ = {isa = PBXBuildFile; fileRef = D5D511FD26D4C11100C515CA /* ViewController.swift */; };
		D5D5120126D4C11100C515CA /* Main.storyboard in Resources */ = {isa = PBXBuildFile; fileRef = D5D511FF26D4C11100C515CA /* Main.storyboard */; };
		D5D5120326D4C11400C515CA /* Assets.xcassets in Resources */ = {isa = PBXBuildFile; fileRef = D5D5120226D4C11400C515CA /* Assets.xcassets */; };
		D5D5120626D4C11400C515CA /* LaunchScreen.storyboard in Resources */ = {isa = PBXBuildFile; fileRef = D5D5120426D4C11400C515CA /* LaunchScreen.storyboard */; };
		D5D5121126D4C11500C515CA /* Protokoli_zadatakTests.swift in Sources */ = {isa = PBXBuildFile; fileRef = D5D5121026D4C11500C515CA /* Protokoli_zadatakTests.swift */; };
		D5D5121C26D4C11500C515CA /* Protokoli_zadatakUITests.swift in Sources */ = {isa = PBXBuildFile; fileRef = D5D5121B26D4C11500C515CA /* Protokoli_zadatakUITests.swift */; };
		D5D5122A26D4C13300C515CA /* protokoli.swift in Sources */ = {isa = PBXBuildFile; fileRef = D5D5122926D4C13300C515CA /* protokoli.swift */; };
/* End PBXBuildFile section */

/* Begin PBXContainerItemProxy section */
		D5D5120D26D4C11500C515CA /* PBXContainerItemProxy */ = {
			isa = PBXContainerItemProxy;
			containerPortal = D5D511EE26D4C11000C515CA /* Project object */;
			proxyType = 1;
			remoteGlobalIDString = D5D511F526D4C11000C515CA;
			remoteInfo = Protokoli_zadatak;
		};
		D5D5121826D4C11500C515CA /* PBXContainerItemProxy */ = {
			isa = PBXContainerItemProxy;
			containerPortal = D5D511EE26D4C11000C515CA /* Project object */;
			proxyType = 1;
			remoteGlobalIDString = D5D511F526D4C11000C515CA;
			remoteInfo = Protokoli_zadatak;
		};
/* End PBXContainerItemProxy section */

/* Begin PBXFileReference section */
		D5D511F626D4C11100C515CA /* Protokoli_zadatak.app */ = {isa = PBXFileReference; explicitFileType = wrapper.application; includeInIndex = 0; path = Protokoli_zadatak.app; sourceTree = BUILT_PRODUCTS_DIR; };
		D5D511F926D4C11100C515CA /* AppDelegate.swift */ = {isa = PBXFileReference; lastKnownFileType = sourcecode.swift; path = AppDelegate.swift; sourceTree = "<group>"; };
		D5D511FB26D4C11100C515CA /* SceneDelegate.swift */ = {isa = PBXFileReference; lastKnownFileType = sourcecode.swift; path = SceneDelegate.swift; sourceTree = "<group>"; };
		D5D511FD26D4C11100C515CA /* ViewController.swift */ = {isa = PBXFileReference; lastKnownFileType = sourcecode.swift; path = ViewController.swift; sourceTree = "<group>"; };
		D5D5120026D4C11100C515CA /* Base */ = {isa = PBXFileReference; lastKnownFileType = file.storyboard; name = Base; path = Base.lproj/Main.storyboard; sourceTree = "<group>"; };
		D5D5120226D4C11400C515CA /* Assets.xcassets */ = {isa = PBXFileReference; lastKnownFileType = folder.assetcatalog; path = Assets.xcassets; sourceTree = "<group>"; };
		D5D5120526D4C11400C515CA /* Base */ = {isa = PBXFileReference; lastKnownFileType = file.storyboard; name = Base; path = Base.lproj/LaunchScreen.storyboard; sourceTree = "<group>"; };
		D5D5120726D4C11400C515CA /* Info.plist */ = {isa = PBXFileReference; lastKnownFileType = text.plist.xml; path = Info.plist; sourceTree = "<group>"; };
		D5D5120C26D4C11500C515CA /* Protokoli_zadatakTests.xctest */ = {isa = PBXFileReference; explicitFileType = wrapper.cfbundle; includeInIndex = 0; path = Protokoli_zadatakTests.xctest; sourceTree = BUILT_PRODUCTS_DIR; };
		D5D5121026D4C11500C515CA /* Protokoli_zadatakTests.swift */ = {isa = PBXFileReference; lastKnownFileType = sourcecode.swift; path = Protokoli_zadatakTests.swift; sourceTree = "<group>"; };
		D5D5121226D4C11500C515CA /* Info.plist */ = {isa = PBXFileReference; lastKnownFileType = text.plist.xml; path = Info.plist; sourceTree = "<group>"; };
		D5D5121726D4C11500C515CA /* Protokoli_zadatakUITests.xctest */ = {isa = PBXFileReference; explicitFileType = wrapper.cfbundle; includeInIndex = 0; path = Protokoli_zadatakUITests.xctest; sourceTree = BUILT_PRODUCTS_DIR; };
		D5D5121B26D4C11500C515CA /* Protokoli_zadatakUITests.swift */ = {isa = PBXFileReference; lastKnownFileType = sourcecode.swift; path = Protokoli_zadatakUITests.swift; sourceTree = "<group>"; };
		D5D5121D26D4C11500C515CA /* Info.plist */ = {isa = PBXFileReference; lastKnownFileType = text.plist.xml; path = Info.plist; sourceTree = "<group>"; };
		D5D5122926D4C13300C515CA /* protokoli.swift */ = {isa = PBXFileReference; lastKnownFileType = sourcecode.swift; path = protokoli.swift; sourceTree = "<group>"; };
/* End PBXFileReference section */

/* Begin PBXFrameworksBuildPhase section */
		D5D511F326D4C11000C515CA /* Frameworks */ = {
			isa = PBXFrameworksBuildPhase;
			buildActionMask = 2147483647;
			files = (
			);
			runOnlyForDeploymentPostprocessing = 0;
		};
		D5D5120926D4C11500C515CA /* Frameworks */ = {
			isa = PBXFrameworksBuildPhase;
			buildActionMask = 2147483647;
			files = (
			);
			runOnlyForDeploymentPostprocessing = 0;
		};
		D5D5121426D4C11500C515CA /* Frameworks */ = {
			isa = PBXFrameworksBuildPhase;
			buildActionMask = 2147483647;
			files = (
			);
			runOnlyForDeploymentPostprocessing = 0;
		};
/* End PBXFrameworksBuildPhase section */

/* Begin PBXGroup section */
		D5D511ED26D4C11000C515CA = {
			isa = PBXGroup;
			children = (
				D5D5122926D4C13300C515CA /* protokoli.swift */,
				D5D511F826D4C11100C515CA /* Protokoli_zadatak */,
				D5D5120F26D4C11500C515CA /* Protokoli_zadatakTests */,
				D5D5121A26D4C11500C515CA /* Protokoli_zadatakUITests */,
				D5D511F726D4C11100C515CA /* Products */,
			);
			sourceTree = "<group>";
		};
		D5D511F726D4C11100C515CA /* Products */ = {
			isa = PBXGroup;
			children = (
				D5D511F626D4C11100C515CA /* Protokoli_zadatak.app */,
				D5D5120C26D4C11500C515CA /* Protokoli_zadatakTests.xctest */,
				D5D5121726D4C11500C515CA /* Protokoli_zadatakUITests.xctest */,
			);
			name = Products;
			sourceTree = "<group>";
		};
		D5D511F826D4C11100C515CA /* Protokoli_zadatak */ = {
			isa = PBXGroup;
			children = (
				D5D511F926D4C11100C515CA /* AppDelegate.swift */,
				D5D511FB26D4C11100C515CA /* SceneDelegate.swift */,
				D5D511FD26D4C11100C515CA /* ViewController.swift */,
				D5D511FF26D4C11100C515CA /* Main.storyboard */,
				D5D5120226D4C11400C515CA /* Assets.xcassets */,
				D5D5120426D4C11400C515CA /* LaunchScreen.storyboard */,
				D5D5120726D4C11400C515CA /* Info.plist */,
			);
			path = Protokoli_zadatak;
			sourceTree = "<group>";
		};
		D5D5120F26D4C11500C515CA /* Protokoli_zadatakTests */ = {
			isa = PBXGroup;
			children = (
				D5D5121026D4C11500C515CA /* Protokoli_zadatakTests.swift */,
				D5D5121226D4C11500C515CA /* Info.plist */,
			);
			path = Protokoli_zadatakTests;
			sourceTree = "<group>";
		};
		D5D5121A26D4C11500C515CA /* Protokoli_zadatakUITests */ = {
			isa = PBXGroup;
			children = (
				D5D5121B26D4C11500C515CA /* Protokoli_zadatakUITests.swift */,
				D5D5121D26D4C11500C515CA /* Info.plist */,
			);
			path = Protokoli_zadatakUITests;
			sourceTree = "<group>";
		};
/* End PBXGroup section */

/* Begin PBXNativeTarget section */
		D5D511F526D4C11000C515CA /* Protokoli_zadatak */ = {
			isa = PBXNativeTarget;
			buildConfigurationList = D5D5122026D4C11500C515CA /* Build configuration list for PBXNativeTarget "Protokoli_zadatak" */;
			buildPhases = (
				D5D511F226D4C11000C515CA /* Sources */,
				D5D511F326D4C11000C515CA /* Frameworks */,
				D5D511F426D4C11000C515CA /* Resources */,
			);
			buildRules = (
			);
			dependencies = (
			);
			name = Protokoli_zadatak;
			productName = Protokoli_zadatak;
			productReference = D5D511F626D4C11100C515CA /* Protokoli_zadatak.app */;
			productType = "com.apple.product-type.application";
		};
		D5D5120B26D4C11500C515CA /* Protokoli_zadatakTests */ = {
			isa = PBXNativeTarget;
			buildConfigurationList = D5D5122326D4C11500C515CA /* Build configuration list for PBXNativeTarget "Protokoli_zadatakTests" */;
			buildPhases = (
				D5D5120826D4C11500C515CA /* Sources */,
				D5D5120926D4C11500C515CA /* Frameworks */,
				D5D5120A26D4C11500C515CA /* Resources */,
			);
			buildRules = (
			);
			dependencies = (
				D5D5120E26D4C11500C515CA /* PBXTargetDependency */,
			);
			name = Protokoli_zadatakTests;
			productName = Protokoli_zadatakTests;
			productReference = D5D5120C26D4C11500C515CA /* Protokoli_zadatakTests.xctest */;
			productType = "com.apple.product-type.bundle.unit-test";
		};
		D5D5121626D4C11500C515CA /* Protokoli_zadatakUITests */ = {
			isa = PBXNativeTarget;
			buildConfigurationList = D5D5122626D4C11500C515CA /* Build configuration list for PBXNativeTarget "Protokoli_zadatakUITests" */;
			buildPhases = (
				D5D5121326D4C11500C515CA /* Sources */,
				D5D5121426D4C11500C515CA /* Frameworks */,
				D5D5121526D4C11500C515CA /* Resources */,
			);
			buildRules = (
			);
			dependencies = (
				D5D5121926D4C11500C515CA /* PBXTargetDependency */,
			);
			name = Protokoli_zadatakUITests;
			productName = Protokoli_zadatakUITests;
			productReference = D5D5121726D4C11500C515CA /* Protokoli_zadatakUITests.xctest */;
			productType = "com.apple.product-type.bundle.ui-testing";
		};
/* End PBXNativeTarget section */

/* Begin PBXProject section */
		D5D511EE26D4C11000C515CA /* Project object */ = {
			isa = PBXProject;
			attributes = {
				LastSwiftUpdateCheck = 1250;
				LastUpgradeCheck = 1250;
				TargetAttributes = {
					D5D511F526D4C11000C515CA = {
						CreatedOnToolsVersion = 12.5.1;
					};
					D5D5120B26D4C11500C515CA = {
						CreatedOnToolsVersion = 12.5.1;
						TestTargetID = D5D511F526D4C11000C515CA;
					};
					D5D5121626D4C11500C515CA = {
						CreatedOnToolsVersion = 12.5.1;
						TestTargetID = D5D511F526D4C11000C515CA;
					};
				};
			};
			buildConfigurationList = D5D511F126D4C11000C515CA /* Build configuration list for PBXProject "Protokoli_zadatak" */;
			compatibilityVersion = "Xcode 9.3";
			developmentRegion = en;
			hasScannedForEncodings = 0;
			knownRegions = (
				en,
				Base,
			);
			mainGroup = D5D511ED26D4C11000C515CA;
			productRefGroup = D5D511F726D4C11100C515CA /* Products */;
			projectDirPath = "";
			projectRoot = "";
			targets = (
				D5D511F526D4C11000C515CA /* Protokoli_zadatak */,
				D5D5120B26D4C11500C515CA /* Protokoli_zadatakTests */,
				D5D5121626D4C11500C515CA /* Protokoli_zadatakUITests */,
			);
		};
/* End PBXProject section */

/* Begin PBXResourcesBuildPhase section */
		D5D511F426D4C11000C515CA /* Resources */ = {
			isa = PBXResourcesBuildPhase;
			buildActionMask = 2147483647;
			files = (
				D5D5120626D4C11400C515CA /* LaunchScreen.storyboard in Resources */,
				D5D5120326D4C11400C515CA /* Assets.xcassets in Resources */,
				D5D5120126D4C11100C515CA /* Main.storyboard in Resources */,
			);
			runOnlyForDeploymentPostprocessing = 0;
		};
		D5D5120A26D4C11500C515CA /* Resources */ = {
			isa = PBXResourcesBuildPhase;
			buildActionMask = 2147483647;
			files = (
			);
			runOnlyForDeploymentPostprocessing = 0;
		};
		D5D5121526D4C11500C515CA /* Resources */ = {
			isa = PBXResourcesBuildPhase;
			buildActionMask = 2147483647;
			files = (
			);
			runOnlyForDeploymentPostprocessing = 0;
		};
/* End PBXResourcesBuildPhase section */

/* Begin PBXSourcesBuildPhase section */
		D5D511F226D4C11000C515CA /* Sources */ = {
			isa = PBXSourcesBuildPhase;
			buildActionMask = 2147483647;
			files = (
				D5D511FE26D4C11100C515CA /* ViewController.swift in Sources */,
				D5D5122A26D4C13300C515CA /* protokoli.swift in Sources */,
				D5D511FA26D4C11100C515CA /* AppDelegate.swift in Sources */,
				D5D511FC26D4C11100C515CA /* SceneDelegate.swift in Sources */,
			);
			runOnlyForDeploymentPostprocessing = 0;
		};
		D5D5120826D4C11500C515CA /* Sources */ = {
			isa = PBXSourcesBuildPhase;
			buildActionMask = 2147483647;
			files = (
				D5D5121126D4C11500C515CA /* Protokoli_zadatakTests.swift in Sources */,
			);
			runOnlyForDeploymentPostprocessing = 0;
		};
		D5D5121326D4C11500C515CA /* Sources */ = {
			isa = PBXSourcesBuildPhase;
			buildActionMask = 2147483647;
			files = (
				D5D5121C26D4C11500C515CA /* Protokoli_zadatakUITests.swift in Sources */,
			);
			runOnlyForDeploymentPostprocessing = 0;
		};
/* End PBXSourcesBuildPhase section */

/* Begin PBXTargetDependency section */
		D5D5120E26D4C11500C515CA /* PBXTargetDependency */ = {
			isa = PBXTargetDependency;
			target = D5D511F526D4C11000C515CA /* Protokoli_zadatak */;
			targetProxy = D5D5120D26D4C11500C515CA /* PBXContainerItemProxy */;
		};
		D5D5121926D4C11500C515CA /* PBXTargetDependency */ = {
			isa = PBXTargetDependency;
			target = D5D511F526D4C11000C515CA /* Protokoli_zadatak */;
			targetProxy = D5D5121826D4C11500C515CA /* PBXContainerItemProxy */;
		};
/* End PBXTargetDependency section */

/* Begin PBXVariantGroup section */
		D5D511FF26D4C11100C515CA /* Main.storyboard */ = {
			isa = PBXVariantGroup;
			children = (
				D5D5120026D4C11100C515CA /* Base */,
			);
			name = Main.storyboard;
			sourceTree = "<group>";
		};
		D5D5120426D4C11400C515CA /* LaunchScreen.storyboard */ = {
			isa = PBXVariantGroup;
			children = (
				D5D5120526D4C11400C515CA /* Base */,
			);
			name = LaunchScreen.storyboard;
			sourceTree = "<group>";
		};
/* End PBXVariantGroup section */

/* Begin XCBuildConfiguration section */
		D5D5121E26D4C11500C515CA /* Debug */ = {
			isa = XCBuildConfiguration;
			buildSettings = {
				ALWAYS_SEARCH_USER_PATHS = NO;
				CLANG_ANALYZER_NONNULL = YES;
				CLANG_ANALYZER_NUMBER_OBJECT_CONVERSION = YES_AGGRESSIVE;
				CLANG_CXX_LANGUAGE_STANDARD = "gnu++14";
				CLANG_CXX_LIBRARY = "libc++";
				CLANG_ENABLE_MODULES = YES;
				CLANG_ENABLE_OBJC_ARC = YES;
				CLANG_ENABLE_OBJC_WEAK = YES;
				CLANG_WARN_BLOCK_CAPTURE_AUTORELEASING = YES;
				CLANG_WARN_BOOL_CONVERSION = YES;
				CLANG_WARN_COMMA = YES;
				CLANG_WARN_CONSTANT_CONVERSION = YES;
				CLANG_WARN_DEPRECATED_OBJC_IMPLEMENTATIONS = YES;
				CLANG_WARN_DIRECT_OBJC_ISA_USAGE = YES_ERROR;
				CLANG_WARN_DOCUMENTATION_COMMENTS = YES;
				CLANG_WARN_EMPTY_BODY = YES;
				CLANG_WARN_ENUM_CONVERSION = YES;
				CLANG_WARN_INFINITE_RECURSION = YES;
				CLANG_WARN_INT_CONVERSION = YES;
				CLANG_WARN_NON_LITERAL_NULL_CONVERSION = YES;
				CLANG_WARN_OBJC_IMPLICIT_RETAIN_SELF = YES;
				CLANG_WARN_OBJC_LITERAL_CONVERSION = YES;
				CLANG_WARN_OBJC_ROOT_CLASS = YES_ERROR;
				CLANG_WARN_QUOTED_INCLUDE_IN_FRAMEWORK_HEADER = YES;
				CLANG_WARN_RANGE_LOOP_ANALYSIS = YES;
				CLANG_WARN_STRICT_PROTOTYPES = YES;
				CLANG_WARN_SUSPICIOUS_MOVE = YES;
				CLANG_WARN_UNGUARDED_AVAILABILITY = YES_AGGRESSIVE;
				CLANG_WARN_UNREACHABLE_CODE = YES;
				CLANG_WARN__DUPLICATE_METHOD_MATCH = YES;
				COPY_PHASE_STRIP = NO;
				DEBUG_INFORMATION_FORMAT = dwarf;
				ENABLE_STRICT_OBJC_MSGSEND = YES;
				ENABLE_TESTABILITY = YES;
				GCC_C_LANGUAGE_STANDARD = gnu11;
				GCC_DYNAMIC_NO_PIC = NO;
				GCC_NO_COMMON_BLOCKS = YES;
				GCC_OPTIMIZATION_LEVEL = 0;
				GCC_PREPROCESSOR_DEFINITIONS = (
					"DEBUG=1",
					"$(inherited)",
				);
				GCC_WARN_64_TO_32_BIT_CONVERSION = YES;
				GCC_WARN_ABOUT_RETURN_TYPE = YES_ERROR;
				GCC_WARN_UNDECLARED_SELECTOR = YES;
				GCC_WARN_UNINITIALIZED_AUTOS = YES_AGGRESSIVE;
				GCC_WARN_UNUSED_FUNCTION = YES;
				GCC_WARN_UNUSED_VARIABLE = YES;
				IPHONEOS_DEPLOYMENT_TARGET = 14.5;
				MTL_ENABLE_DEBUG_INFO = INCLUDE_SOURCE;
				MTL_FAST_MATH = YES;
				ONLY_ACTIVE_ARCH = YES;
				SDKROOT = iphoneos;
				SWIFT_ACTIVE_COMPILATION_CONDITIONS = DEBUG;
				SWIFT_OPTIMIZATION_LEVEL = "-Onone";
			};
			name = Debug;
		};
		D5D5121F26D4C11500C515CA /* Release */ = {
			isa = XCBuildConfiguration;
			buildSettings = {
				ALWAYS_SEARCH_USER_PATHS = NO;
				CLANG_ANALYZER_NONNULL = YES;
				CLANG_ANALYZER_NUMBER_OBJECT_CONVERSION = YES_AGGRESSIVE;
				CLANG_CXX_LANGUAGE_STANDARD = "gnu++14";
				CLANG_CXX_LIBRARY = "libc++";
				CLANG_ENABLE_MODULES = YES;
				CLANG_ENABLE_OBJC_ARC = YES;
				CLANG_ENABLE_OBJC_WEAK = YES;
				CLANG_WARN_BLOCK_CAPTURE_AUTORELEASING = YES;
				CLANG_WARN_BOOL_CONVERSION = YES;
				CLANG_WARN_COMMA = YES;
				CLANG_WARN_CONSTANT_CONVERSION = YES;
				CLANG_WARN_DEPRECATED_OBJC_IMPLEMENTATIONS = YES;
				CLANG_WARN_DIRECT_OBJC_ISA_USAGE = YES_ERROR;
				CLANG_WARN_DOCUMENTATION_COMMENTS = YES;
				CLANG_WARN_EMPTY_BODY = YES;
				CLANG_WARN_ENUM_CONVERSION = YES;
				CLANG_WARN_INFINITE_RECURSION = YES;
				CLANG_WARN_INT_CONVERSION = YES;
				CLANG_WARN_NON_LITERAL_NULL_CONVERSION = YES;
				CLANG_WARN_OBJC_IMPLICIT_RETAIN_SELF = YES;
				CLANG_WARN_OBJC_LITERAL_CONVERSION = YES;
				CLANG_WARN_OBJC_ROOT_CLASS = YES_ERROR;
				CLANG_WARN_QUOTED_INCLUDE_IN_FRAMEWORK_HEADER = YES;
				CLANG_WARN_RANGE_LOOP_ANALYSIS = YES;
				CLANG_WARN_STRICT_PROTOTYPES = YES;
				CLANG_WARN_SUSPICIOUS_MOVE = YES;
				CLANG_WARN_UNGUARDED_AVAILABILITY = YES_AGGRESSIVE;
				CLANG_WARN_UNREACHABLE_CODE = YES;
				CLANG_WARN__DUPLICATE_METHOD_MATCH = YES;
				COPY_PHASE_STRIP = NO;
				DEBUG_INFORMATION_FORMAT = "dwarf-with-dsym";
				ENABLE_NS_ASSERTIONS = NO;
				ENABLE_STRICT_OBJC_MSGSEND = YES;
				GCC_C_LANGUAGE_STANDARD = gnu11;
				GCC_NO_COMMON_BLOCKS = YES;
				GCC_WARN_64_TO_32_BIT_CONVERSION = YES;
				GCC_WARN_ABOUT_RETURN_TYPE = YES_ERROR;
				GCC_WARN_UNDECLARED_SELECTOR = YES;
				GCC_WARN_UNINITIALIZED_AUTOS = YES_AGGRESSIVE;
				GCC_WARN_UNUSED_FUNCTION = YES;
				GCC_WARN_UNUSED_VARIABLE = YES;
				IPHONEOS_DEPLOYMENT_TARGET = 14.5;
				MTL_ENABLE_DEBUG_INFO = NO;
				MTL_FAST_MATH = YES;
				SDKROOT = iphoneos;
				SWIFT_COMPILATION_MODE = wholemodule;
				SWIFT_OPTIMIZATION_LEVEL = "-O";
				VALIDATE_PRODUCT = YES;
			};
			name = Release;
		};
		D5D5122126D4C11500C515CA /* Debug */ = {
			isa = XCBuildConfiguration;
			buildSettings = {
				ASSETCATALOG_COMPILER_APPICON_NAME = AppIcon;
				ASSETCATALOG_COMPILER_GLOBAL_ACCENT_COLOR_NAME = AccentColor;
				CODE_SIGN_STYLE = Automatic;
				DEVELOPMENT_TEAM = V6Y3C52CRB;
				INFOPLIST_FILE = Protokoli_zadatak/Info.plist;
				LD_RUNPATH_SEARCH_PATHS = (
					"$(inherited)",
					"@executable_path/Frameworks",
				);
				PRODUCT_BUNDLE_IDENTIFIER = "MERA-Software-Services.Protokoli-zadatak";
				PRODUCT_NAME = "$(TARGET_NAME)";
				SWIFT_VERSION = 5.0;
				TARGETED_DEVICE_FAMILY = "1,2";
			};
			name = Debug;
		};
		D5D5122226D4C11500C515CA /* Release */ = {
			isa = XCBuildConfiguration;
			buildSettings = {
				ASSETCATALOG_COMPILER_APPICON_NAME = AppIcon;
				ASSETCATALOG_COMPILER_GLOBAL_ACCENT_COLOR_NAME = AccentColor;
				CODE_SIGN_STYLE = Automatic;
				DEVELOPMENT_TEAM = V6Y3C52CRB;
				INFOPLIST_FILE = Protokoli_zadatak/Info.plist;
				LD_RUNPATH_SEARCH_PATHS = (
					"$(inherited)",
					"@executable_path/Frameworks",
				);
				PRODUCT_BUNDLE_IDENTIFIER = "MERA-Software-Services.Protokoli-zadatak";
				PRODUCT_NAME = "$(TARGET_NAME)";
				SWIFT_VERSION = 5.0;
				TARGETED_DEVICE_FAMILY = "1,2";
			};
			name = Release;
		};
		D5D5122426D4C11500C515CA /* Debug */ = {
			isa = XCBuildConfiguration;
			buildSettings = {
				ALWAYS_EMBED_SWIFT_STANDARD_LIBRARIES = YES;
				BUNDLE_LOADER = "$(TEST_HOST)";
				CODE_SIGN_STYLE = Automatic;
				DEVELOPMENT_TEAM = V6Y3C52CRB;
				INFOPLIST_FILE = Protokoli_zadatakTests/Info.plist;
				IPHONEOS_DEPLOYMENT_TARGET = 14.5;
				LD_RUNPATH_SEARCH_PATHS = (
					"$(inherited)",
					"@executable_path/Frameworks",
					"@loader_path/Frameworks",
				);
				PRODUCT_BUNDLE_IDENTIFIER = "MERA-Software-Services.Protokoli-zadatakTests";
				PRODUCT_NAME = "$(TARGET_NAME)";
				SWIFT_VERSION = 5.0;
				TARGETED_DEVICE_FAMILY = "1,2";
				TEST_HOST = "$(BUILT_PRODUCTS_DIR)/Protokoli_zadatak.app/Protokoli_zadatak";
			};
			name = Debug;
		};
		D5D5122526D4C11500C515CA /* Release */ = {
			isa = XCBuildConfiguration;
			buildSettings = {
				ALWAYS_EMBED_SWIFT_STANDARD_LIBRARIES = YES;
				BUNDLE_LOADER = "$(TEST_HOST)";
				CODE_SIGN_STYLE = Automatic;
				DEVELOPMENT_TEAM = V6Y3C52CRB;
				INFOPLIST_FILE = Protokoli_zadatakTests/Info.plist;
				IPHONEOS_DEPLOYMENT_TARGET = 14.5;
				LD_RUNPATH_SEARCH_PATHS = (
					"$(inherited)",
					"@executable_path/Frameworks",
					"@loader_path/Frameworks",
				);
				PRODUCT_BUNDLE_IDENTIFIER = "MERA-Software-Services.Protokoli-zadatakTests";
				PRODUCT_NAME = "$(TARGET_NAME)";
				SWIFT_VERSION = 5.0;
				TARGETED_DEVICE_FAMILY = "1,2";
				TEST_HOST = "$(BUILT_PRODUCTS_DIR)/Protokoli_zadatak.app/Protokoli_zadatak";
			};
			name = Release;
		};
		D5D5122726D4C11500C515CA /* Debug */ = {
			isa = XCBuildConfiguration;
			buildSettings = {
				ALWAYS_EMBED_SWIFT_STANDARD_LIBRARIES = YES;
				CODE_SIGN_STYLE = Automatic;
				DEVELOPMENT_TEAM = V6Y3C52CRB;
				INFOPLIST_FILE = Protokoli_zadatakUITests/Info.plist;
				LD_RUNPATH_SEARCH_PATHS = (
					"$(inherited)",
					"@executable_path/Frameworks",
					"@loader_path/Frameworks",
				);
				PRODUCT_BUNDLE_IDENTIFIER = "MERA-Software-Services.Protokoli-zadatakUITests";
				PRODUCT_NAME = "$(TARGET_NAME)";
				SWIFT_VERSION = 5.0;
				TARGETED_DEVICE_FAMILY = "1,2";
				TEST_TARGET_NAME = Protokoli_zadatak;
			};
			name = Debug;
		};
		D5D5122826D4C11500C515CA /* Release */ = {
			isa = XCBuildConfiguration;
			buildSettings = {
				ALWAYS_EMBED_SWIFT_STANDARD_LIBRARIES = YES;
				CODE_SIGN_STYLE = Automatic;
				DEVELOPMENT_TEAM = V6Y3C52CRB;
				INFOPLIST_FILE = Protokoli_zadatakUITests/Info.plist;
				LD_RUNPATH_SEARCH_PATHS = (
					"$(inherited)",
					"@executable_path/Frameworks",
					"@loader_path/Frameworks",
				);
				PRODUCT_BUNDLE_IDENTIFIER = "MERA-Software-Services.Protokoli-zadatakUITests";
				PRODUCT_NAME = "$(TARGET_NAME)";
				SWIFT_VERSION = 5.0;
				TARGETED_DEVICE_FAMILY = "1,2";
				TEST_TARGET_NAME = Protokoli_zadatak;
			};
			name = Release;
		};
/* End XCBuildConfiguration section */

/* Begin XCConfigurationList section */
		D5D511F126D4C11000C515CA /* Build configuration list for PBXProject "Protokoli_zadatak" */ = {
			isa = XCConfigurationList;
			buildConfigurations = (
				D5D5121E26D4C11500C515CA /* Debug */,
				D5D5121F26D4C11500C515CA /* Release */,
			);
			defaultConfigurationIsVisible = 0;
			defaultConfigurationName = Release;
		};
		D5D5122026D4C11500C515CA /* Build configuration list for PBXNativeTarget "Protokoli_zadatak" */ = {
			isa = XCConfigurationList;
			buildConfigurations = (
				D5D5122126D4C11500C515CA /* Debug */,
				D5D5122226D4C11500C515CA /* Release */,
			);
			defaultConfigurationIsVisible = 0;
			defaultConfigurationName = Release;
		};
		D5D5122326D4C11500C515CA /* Build configuration list for PBXNativeTarget "Protokoli_zadatakTests" */ = {
			isa = XCConfigurationList;
			buildConfigurations = (
				D5D5122426D4C11500C515CA /* Debug */,
				D5D5122526D4C11500C515CA /* Release */,
			);
			defaultConfigurationIsVisible = 0;
			defaultConfigurationName = Release;
		};
		D5D5122626D4C11500C515CA /* Build configuration list for PBXNativeTarget "Protokoli_zadatakUITests" */ = {
			isa = XCConfigurationList;
			buildConfigurations = (
				D5D5122726D4C11500C515CA /* Debug */,
				D5D5122826D4C11500C515CA /* Release */,
			);
			defaultConfigurationIsVisible = 0;
			defaultConfigurationName = Release;
		};
/* End XCConfigurationList section */
	};
	rootObject = D5D511EE26D4C11000C515CA /* Project object */;
}
